
Microsoft Visual Studio Solution File, Format Version 12.00
Project("{2150E333-8FDC-42A3-9474-1A3956D46DE8}") = "Chapter 2. C# Language Basics", "Chapter 2 C# Language Basics", "{3D7478AC-0AD8-47D0-B2A5-B0B47AFE9FE2}"
EndProject
Project("{2150E333-8FDC-42A3-9474-1A3956D46DE8}") = "1. A First C# Program", "1. A First C# Program", "{833FDDC6-2BD3-438A-854D-6E8E48DAA5BC}"
EndProject
Project("{2150E333-8FDC-42A3-9474-1A3956D46DE8}") = "2. Syntax Basics", "2. Syntax Basics", "{0F535930-9F07-4ADF-92CA-490975CF6FF3}"
EndProject
Project("{2150E333-8FDC-42A3-9474-1A3956D46DE8}") = "3. Type Basics", "3. Type Basics", "{07AE4B3C-594B-49C4-A6B7-7DD9D0B3ADA6}"
EndProject
Project("{FAE04EC0-301F-11D3-BF4B-00C04F79EFBC}") = "1. A First C# Program", "1. A First C# Program\1. A First C# Program.csproj", "{8CC5E7FB-E11E-47E5-9C72-D8F22B79126F}"
EndProject
Project("{FAE04EC0-301F-11D3-BF4B-00C04F79EFBC}") = "1. The @ prefix", "1. The @ prefix\1. The @ prefix.csproj", "{72378EB3-E9F1-4C27-96D7-79A46DDF180A}"
EndProject
Project("{FAE04EC0-301F-11D3-BF4B-00C04F79EFBC}") = "2. Contextual Keywords", "2. Contextual Keywords\2. Contextual Keywords.csproj", "{C7CDA09E-BB4A-490B-969A-375A7E2B0C52}"
EndProject
Project("{FAE04EC0-301F-11D3-BF4B-00C04F79EFBC}") = "1. Defining a namespace", "1. Defining a namespace\1. Defining a namespace.csproj", "{C6CF5643-667D-4846-BF6E-4E92ED1F09CC}"
EndProject
Project("{FAE04EC0-301F-11D3-BF4B-00C04F79EFBC}") = "2. Value Types", "2. Value Types\2. Value Types.csproj", "{F5852877-9CED-4FAB-AEA0-49EE1FC2AA7C}"
EndProject
Project("{FAE04EC0-301F-11D3-BF4B-00C04F79EFBC}") = "3. Reference Types", "3. Reference Types\3. Reference Types.csproj", "{BF6B74F1-6271-4C19-ABF0-E838DFA241D5}"
EndProject
Project("{FAE04EC0-301F-11D3-BF4B-00C04F79EFBC}") = "4. Null", "4. Null\4. Null.csproj", "{C332AD4E-961C-4BB6-B954-A8B53827D6A5}"
EndProject
Project("{FAE04EC0-301F-11D3-BF4B-00C04F79EFBC}") = "5. Storage Overhead", "5. Storage Overhead\5. Storage Overhead.csproj", "{A430E785-D493-417E-AE66-B3A34DE1A204}"
EndProject
Project("{2150E333-8FDC-42A3-9474-1A3956D46DE8}") = "4. Numeric Types", "4. Numeric Types", "{59F6D132-7EE4-46D1-ADC4-AF8EC2DC8FFB}"
EndProject
Project("{FAE04EC0-301F-11D3-BF4B-00C04F79EFBC}") = "1. Numeric Literals", "1. Numeric Literals\1. Numeric Literals.csproj", "{90DB548C-D86B-44B5-AB31-3EA560941403}"
EndProject
Project("{FAE04EC0-301F-11D3-BF4B-00C04F79EFBC}") = "2. Numeric Suffixes", "2. Numeric Suffixes\2. Numeric Suffixes.csproj", "{5E279FF6-B5EA-4D53-AACD-B79DF1405B39}"
EndProject
Project("{FAE04EC0-301F-11D3-BF4B-00C04F79EFBC}") = "3. Integral Division", "3. Integral Division\3. Integral Division.csproj", "{F2FDFAEA-C429-41D9-9943-113AC6E37C07}"
EndProject
Project("{FAE04EC0-301F-11D3-BF4B-00C04F79EFBC}") = "4. Integral Overflow", "4. Integral Overflow\4. Integral Overflow.csproj", "{3B0C7EFD-2985-4D52-B92E-722E1413AB92}"
EndProject
Project("{FAE04EC0-301F-11D3-BF4B-00C04F79EFBC}") = "5. Overflow Checking", "5. Overflow Checking\5. Overflow Checking.csproj", "{4FBD8DEF-D5BA-42C4-8577-A64AF6AC15A1}"
EndProject
Project("{FAE04EC0-301F-11D3-BF4B-00C04F79EFBC}") = "6. 8- and 16-bit literals", "6. 8- and 16-bit literals\6. 8- and 16-bit literals.csproj", "{76CCD8FB-769A-4A03-8B6A-7E8A8A600EA4}"
EndProject
Project("{FAE04EC0-301F-11D3-BF4B-00C04F79EFBC}") = "7. Special float and double Values", "7. Special float and double Values\7. Special float and double Values.csproj", "{7A43BA90-9498-403D-A670-4B211D260DB7}"
EndProject
Project("{FAE04EC0-301F-11D3-BF4B-00C04F79EFBC}") = "8. Real Number Rounding Errors", "8. Real Number Rounding Errors\8. Real Number Rounding Errors.csproj", "{2E8E8F63-7D80-4B59-B1B6-37618F7AC4DE}"
EndProject
Project("{2150E333-8FDC-42A3-9474-1A3956D46DE8}") = "5. Boolean Type and Operators", "5. Boolean Type and Operators", "{FB0AF078-AA8D-4C1F-A728-79A15BC3F1DA}"
EndProject
Project("{FAE04EC0-301F-11D3-BF4B-00C04F79EFBC}") = "1. Equality with Reference Types", "1. Equality with Reference Types\1. Equality with Reference Types.csproj", "{4156E7FD-4A7E-4DDD-A3A8-782DDA0B0680}"
EndProject
Project("{FAE04EC0-301F-11D3-BF4B-00C04F79EFBC}") = "2. Shortcircuiting", "2. Shortcircuiting\2. Shortcircuiting.csproj", "{55C34FCB-594D-4607-83B9-2933BCAF8090}"
EndProject
Project("{FAE04EC0-301F-11D3-BF4B-00C04F79EFBC}") = "3. No Shortcircuiting", "3. No Shortcircuiting\3. No Shortcircuiting.csproj", "{04E78D76-7EEC-44CD-B7F5-BFE2239FB9D5}"
EndProject
Project("{2150E333-8FDC-42A3-9474-1A3956D46DE8}") = "6. Strings and Characters", "6. Strings and Characters", "{180A9399-8C03-4A02-96B5-72EAB8AE7064}"
EndProject
Project("{FAE04EC0-301F-11D3-BF4B-00C04F79EFBC}") = "1. Character Conversions", "1. Character Conversions\1. Character Conversions.csproj", "{9041E221-5B6A-4FB2-8582-AF7236407446}"
EndProject
Project("{FAE04EC0-301F-11D3-BF4B-00C04F79EFBC}") = "2. String Literals", "2. String Literals\2. String Literals.csproj", "{6D148655-CC95-4690-A3B8-AF660BB5EA62}"
EndProject
Project("{FAE04EC0-301F-11D3-BF4B-00C04F79EFBC}") = "3. String Concatenation", "3. String Concatenation\3. String Concatenation.csproj", "{CE74547C-B097-487C-B24A-EF70782E630D}"
EndProject
Global
	GlobalSection(SolutionConfigurationPlatforms) = preSolution
		Debug|Any CPU = Debug|Any CPU
		Release|Any CPU = Release|Any CPU
	EndGlobalSection
	GlobalSection(ProjectConfigurationPlatforms) = postSolution
		{8CC5E7FB-E11E-47E5-9C72-D8F22B79126F}.Debug|Any CPU.ActiveCfg = Debug|Any CPU
		{8CC5E7FB-E11E-47E5-9C72-D8F22B79126F}.Debug|Any CPU.Build.0 = Debug|Any CPU
		{8CC5E7FB-E11E-47E5-9C72-D8F22B79126F}.Release|Any CPU.ActiveCfg = Release|Any CPU
		{8CC5E7FB-E11E-47E5-9C72-D8F22B79126F}.Release|Any CPU.Build.0 = Release|Any CPU
		{72378EB3-E9F1-4C27-96D7-79A46DDF180A}.Debug|Any CPU.ActiveCfg = Debug|Any CPU
		{72378EB3-E9F1-4C27-96D7-79A46DDF180A}.Debug|Any CPU.Build.0 = Debug|Any CPU
		{72378EB3-E9F1-4C27-96D7-79A46DDF180A}.Release|Any CPU.ActiveCfg = Release|Any CPU
		{72378EB3-E9F1-4C27-96D7-79A46DDF180A}.Release|Any CPU.Build.0 = Release|Any CPU
		{C7CDA09E-BB4A-490B-969A-375A7E2B0C52}.Debug|Any CPU.ActiveCfg = Debug|Any CPU
		{C7CDA09E-BB4A-490B-969A-375A7E2B0C52}.Debug|Any CPU.Build.0 = Debug|Any CPU
		{C7CDA09E-BB4A-490B-969A-375A7E2B0C52}.Release|Any CPU.ActiveCfg = Release|Any CPU
		{C7CDA09E-BB4A-490B-969A-375A7E2B0C52}.Release|Any CPU.Build.0 = Release|Any CPU
		{C6CF5643-667D-4846-BF6E-4E92ED1F09CC}.Debug|Any CPU.ActiveCfg = Debug|Any CPU
		{C6CF5643-667D-4846-BF6E-4E92ED1F09CC}.Debug|Any CPU.Build.0 = Debug|Any CPU
		{C6CF5643-667D-4846-BF6E-4E92ED1F09CC}.Release|Any CPU.ActiveCfg = Release|Any CPU
		{C6CF5643-667D-4846-BF6E-4E92ED1F09CC}.Release|Any CPU.Build.0 = Release|Any CPU
		{F5852877-9CED-4FAB-AEA0-49EE1FC2AA7C}.Debug|Any CPU.ActiveCfg = Debug|Any CPU
		{F5852877-9CED-4FAB-AEA0-49EE1FC2AA7C}.Debug|Any CPU.Build.0 = Debug|Any CPU
		{F5852877-9CED-4FAB-AEA0-49EE1FC2AA7C}.Release|Any CPU.ActiveCfg = Release|Any CPU
		{F5852877-9CED-4FAB-AEA0-49EE1FC2AA7C}.Release|Any CPU.Build.0 = Release|Any CPU
		{BF6B74F1-6271-4C19-ABF0-E838DFA241D5}.Debug|Any CPU.ActiveCfg = Debug|Any CPU
		{BF6B74F1-6271-4C19-ABF0-E838DFA241D5}.Debug|Any CPU.Build.0 = Debug|Any CPU
		{BF6B74F1-6271-4C19-ABF0-E838DFA241D5}.Release|Any CPU.ActiveCfg = Release|Any CPU
		{BF6B74F1-6271-4C19-ABF0-E838DFA241D5}.Release|Any CPU.Build.0 = Release|Any CPU
		{C332AD4E-961C-4BB6-B954-A8B53827D6A5}.Debug|Any CPU.ActiveCfg = Debug|Any CPU
		{C332AD4E-961C-4BB6-B954-A8B53827D6A5}.Debug|Any CPU.Build.0 = Debug|Any CPU
		{C332AD4E-961C-4BB6-B954-A8B53827D6A5}.Release|Any CPU.ActiveCfg = Release|Any CPU
		{C332AD4E-961C-4BB6-B954-A8B53827D6A5}.Release|Any CPU.Build.0 = Release|Any CPU
		{A430E785-D493-417E-AE66-B3A34DE1A204}.Debug|Any CPU.ActiveCfg = Debug|Any CPU
		{A430E785-D493-417E-AE66-B3A34DE1A204}.Debug|Any CPU.Build.0 = Debug|Any CPU
		{A430E785-D493-417E-AE66-B3A34DE1A204}.Release|Any CPU.ActiveCfg = Release|Any CPU
		{A430E785-D493-417E-AE66-B3A34DE1A204}.Release|Any CPU.Build.0 = Release|Any CPU
		{90DB548C-D86B-44B5-AB31-3EA560941403}.Debug|Any CPU.ActiveCfg = Debug|Any CPU
		{90DB548C-D86B-44B5-AB31-3EA560941403}.Debug|Any CPU.Build.0 = Debug|Any CPU
		{90DB548C-D86B-44B5-AB31-3EA560941403}.Release|Any CPU.ActiveCfg = Release|Any CPU
		{90DB548C-D86B-44B5-AB31-3EA560941403}.Release|Any CPU.Build.0 = Release|Any CPU
		{5E279FF6-B5EA-4D53-AACD-B79DF1405B39}.Debug|Any CPU.ActiveCfg = Debug|Any CPU
		{5E279FF6-B5EA-4D53-AACD-B79DF1405B39}.Debug|Any CPU.Build.0 = Debug|Any CPU
		{5E279FF6-B5EA-4D53-AACD-B79DF1405B39}.Release|Any CPU.ActiveCfg = Release|Any CPU
		{5E279FF6-B5EA-4D53-AACD-B79DF1405B39}.Release|Any CPU.Build.0 = Release|Any CPU
		{F2FDFAEA-C429-41D9-9943-113AC6E37C07}.Debug|Any CPU.ActiveCfg = Debug|Any CPU
		{F2FDFAEA-C429-41D9-9943-113AC6E37C07}.Debug|Any CPU.Build.0 = Debug|Any CPU
		{F2FDFAEA-C429-41D9-9943-113AC6E37C07}.Release|Any CPU.ActiveCfg = Release|Any CPU
		{F2FDFAEA-C429-41D9-9943-113AC6E37C07}.Release|Any CPU.Build.0 = Release|Any CPU
		{3B0C7EFD-2985-4D52-B92E-722E1413AB92}.Debug|Any CPU.ActiveCfg = Debug|Any CPU
		{3B0C7EFD-2985-4D52-B92E-722E1413AB92}.Debug|Any CPU.Build.0 = Debug|Any CPU
		{3B0C7EFD-2985-4D52-B92E-722E1413AB92}.Release|Any CPU.ActiveCfg = Release|Any CPU
		{3B0C7EFD-2985-4D52-B92E-722E1413AB92}.Release|Any CPU.Build.0 = Release|Any CPU
		{4FBD8DEF-D5BA-42C4-8577-A64AF6AC15A1}.Debug|Any CPU.ActiveCfg = Debug|Any CPU
		{4FBD8DEF-D5BA-42C4-8577-A64AF6AC15A1}.Debug|Any CPU.Build.0 = Debug|Any CPU
		{4FBD8DEF-D5BA-42C4-8577-A64AF6AC15A1}.Release|Any CPU.ActiveCfg = Release|Any CPU
		{4FBD8DEF-D5BA-42C4-8577-A64AF6AC15A1}.Release|Any CPU.Build.0 = Release|Any CPU
		{76CCD8FB-769A-4A03-8B6A-7E8A8A600EA4}.Debug|Any CPU.ActiveCfg = Debug|Any CPU
		{76CCD8FB-769A-4A03-8B6A-7E8A8A600EA4}.Debug|Any CPU.Build.0 = Debug|Any CPU
		{76CCD8FB-769A-4A03-8B6A-7E8A8A600EA4}.Release|Any CPU.ActiveCfg = Release|Any CPU
		{76CCD8FB-769A-4A03-8B6A-7E8A8A600EA4}.Release|Any CPU.Build.0 = Release|Any CPU
		{7A43BA90-9498-403D-A670-4B211D260DB7}.Debug|Any CPU.ActiveCfg = Debug|Any CPU
		{7A43BA90-9498-403D-A670-4B211D260DB7}.Debug|Any CPU.Build.0 = Debug|Any CPU
		{7A43BA90-9498-403D-A670-4B211D260DB7}.Release|Any CPU.ActiveCfg = Release|Any CPU
		{7A43BA90-9498-403D-A670-4B211D260DB7}.Release|Any CPU.Build.0 = Release|Any CPU
		{2E8E8F63-7D80-4B59-B1B6-37618F7AC4DE}.Debug|Any CPU.ActiveCfg = Debug|Any CPU
		{2E8E8F63-7D80-4B59-B1B6-37618F7AC4DE}.Debug|Any CPU.Build.0 = Debug|Any CPU
		{2E8E8F63-7D80-4B59-B1B6-37618F7AC4DE}.Release|Any CPU.ActiveCfg = Release|Any CPU
		{2E8E8F63-7D80-4B59-B1B6-37618F7AC4DE}.Release|Any CPU.Build.0 = Release|Any CPU
		{4156E7FD-4A7E-4DDD-A3A8-782DDA0B0680}.Debug|Any CPU.ActiveCfg = Debug|Any CPU
		{4156E7FD-4A7E-4DDD-A3A8-782DDA0B0680}.Debug|Any CPU.Build.0 = Debug|Any CPU
		{4156E7FD-4A7E-4DDD-A3A8-782DDA0B0680}.Release|Any CPU.ActiveCfg = Release|Any CPU
		{4156E7FD-4A7E-4DDD-A3A8-782DDA0B0680}.Release|Any CPU.Build.0 = Release|Any CPU
		{55C34FCB-594D-4607-83B9-2933BCAF8090}.Debug|Any CPU.ActiveCfg = Debug|Any CPU
		{55C34FCB-594D-4607-83B9-2933BCAF8090}.Debug|Any CPU.Build.0 = Debug|Any CPU
		{55C34FCB-594D-4607-83B9-2933BCAF8090}.Release|Any CPU.ActiveCfg = Release|Any CPU
		{55C34FCB-594D-4607-83B9-2933BCAF8090}.Release|Any CPU.Build.0 = Release|Any CPU
		{04E78D76-7EEC-44CD-B7F5-BFE2239FB9D5}.Debug|Any CPU.ActiveCfg = Debug|Any CPU
		{04E78D76-7EEC-44CD-B7F5-BFE2239FB9D5}.Debug|Any CPU.Build.0 = Debug|Any CPU
		{04E78D76-7EEC-44CD-B7F5-BFE2239FB9D5}.Release|Any CPU.ActiveCfg = Release|Any CPU
		{04E78D76-7EEC-44CD-B7F5-BFE2239FB9D5}.Release|Any CPU.Build.0 = Release|Any CPU
		{9041E221-5B6A-4FB2-8582-AF7236407446}.Debug|Any CPU.ActiveCfg = Debug|Any CPU
		{9041E221-5B6A-4FB2-8582-AF7236407446}.Debug|Any CPU.Build.0 = Debug|Any CPU
		{9041E221-5B6A-4FB2-8582-AF7236407446}.Release|Any CPU.ActiveCfg = Release|Any CPU
		{9041E221-5B6A-4FB2-8582-AF7236407446}.Release|Any CPU.Build.0 = Release|Any CPU
		{6D148655-CC95-4690-A3B8-AF660BB5EA62}.Debug|Any CPU.ActiveCfg = Debug|Any CPU
		{6D148655-CC95-4690-A3B8-AF660BB5EA62}.Debug|Any CPU.Build.0 = Debug|Any CPU
		{6D148655-CC95-4690-A3B8-AF660BB5EA62}.Release|Any CPU.ActiveCfg = Release|Any CPU
		{6D148655-CC95-4690-A3B8-AF660BB5EA62}.Release|Any CPU.Build.0 = Release|Any CPU
		{CE74547C-B097-487C-B24A-EF70782E630D}.Debug|Any CPU.ActiveCfg = Debug|Any CPU
		{CE74547C-B097-487C-B24A-EF70782E630D}.Debug|Any CPU.Build.0 = Debug|Any CPU
		{CE74547C-B097-487C-B24A-EF70782E630D}.Release|Any CPU.ActiveCfg = Release|Any CPU
		{CE74547C-B097-487C-B24A-EF70782E630D}.Release|Any CPU.Build.0 = Release|Any CPU
	EndGlobalSection
	GlobalSection(NestedProjects) = preSolution
		{833FDDC6-2BD3-438A-854D-6E8E48DAA5BC} = {3D7478AC-0AD8-47D0-B2A5-B0B47AFE9FE2}
		{0F535930-9F07-4ADF-92CA-490975CF6FF3} = {3D7478AC-0AD8-47D0-B2A5-B0B47AFE9FE2}
		{07AE4B3C-594B-49C4-A6B7-7DD9D0B3ADA6} = {3D7478AC-0AD8-47D0-B2A5-B0B47AFE9FE2}
		{8CC5E7FB-E11E-47E5-9C72-D8F22B79126F} = {833FDDC6-2BD3-438A-854D-6E8E48DAA5BC}
		{72378EB3-E9F1-4C27-96D7-79A46DDF180A} = {0F535930-9F07-4ADF-92CA-490975CF6FF3}
		{C7CDA09E-BB4A-490B-969A-375A7E2B0C52} = {0F535930-9F07-4ADF-92CA-490975CF6FF3}
		{C6CF5643-667D-4846-BF6E-4E92ED1F09CC} = {07AE4B3C-594B-49C4-A6B7-7DD9D0B3ADA6}
		{F5852877-9CED-4FAB-AEA0-49EE1FC2AA7C} = {07AE4B3C-594B-49C4-A6B7-7DD9D0B3ADA6}
		{BF6B74F1-6271-4C19-ABF0-E838DFA241D5} = {07AE4B3C-594B-49C4-A6B7-7DD9D0B3ADA6}
		{C332AD4E-961C-4BB6-B954-A8B53827D6A5} = {07AE4B3C-594B-49C4-A6B7-7DD9D0B3ADA6}
		{A430E785-D493-417E-AE66-B3A34DE1A204} = {07AE4B3C-594B-49C4-A6B7-7DD9D0B3ADA6}
		{59F6D132-7EE4-46D1-ADC4-AF8EC2DC8FFB} = {3D7478AC-0AD8-47D0-B2A5-B0B47AFE9FE2}
		{90DB548C-D86B-44B5-AB31-3EA560941403} = {59F6D132-7EE4-46D1-ADC4-AF8EC2DC8FFB}
		{5E279FF6-B5EA-4D53-AACD-B79DF1405B39} = {59F6D132-7EE4-46D1-ADC4-AF8EC2DC8FFB}
		{F2FDFAEA-C429-41D9-9943-113AC6E37C07} = {59F6D132-7EE4-46D1-ADC4-AF8EC2DC8FFB}
		{3B0C7EFD-2985-4D52-B92E-722E1413AB92} = {59F6D132-7EE4-46D1-ADC4-AF8EC2DC8FFB}
		{4FBD8DEF-D5BA-42C4-8577-A64AF6AC15A1} = {59F6D132-7EE4-46D1-ADC4-AF8EC2DC8FFB}
		{76CCD8FB-769A-4A03-8B6A-7E8A8A600EA4} = {59F6D132-7EE4-46D1-ADC4-AF8EC2DC8FFB}
		{7A43BA90-9498-403D-A670-4B211D260DB7} = {59F6D132-7EE4-46D1-ADC4-AF8EC2DC8FFB}
		{2E8E8F63-7D80-4B59-B1B6-37618F7AC4DE} = {59F6D132-7EE4-46D1-ADC4-AF8EC2DC8FFB}
		{FB0AF078-AA8D-4C1F-A728-79A15BC3F1DA} = {3D7478AC-0AD8-47D0-B2A5-B0B47AFE9FE2}
		{4156E7FD-4A7E-4DDD-A3A8-782DDA0B0680} = {FB0AF078-AA8D-4C1F-A728-79A15BC3F1DA}
		{55C34FCB-594D-4607-83B9-2933BCAF8090} = {FB0AF078-AA8D-4C1F-A728-79A15BC3F1DA}
		{04E78D76-7EEC-44CD-B7F5-BFE2239FB9D5} = {FB0AF078-AA8D-4C1F-A728-79A15BC3F1DA}
		{180A9399-8C03-4A02-96B5-72EAB8AE7064} = {3D7478AC-0AD8-47D0-B2A5-B0B47AFE9FE2}
		{9041E221-5B6A-4FB2-8582-AF7236407446} = {180A9399-8C03-4A02-96B5-72EAB8AE7064}
		{6D148655-CC95-4690-A3B8-AF660BB5EA62} = {180A9399-8C03-4A02-96B5-72EAB8AE7064}
		{CE74547C-B097-487C-B24A-EF70782E630D} = {180A9399-8C03-4A02-96B5-72EAB8AE7064}
	EndGlobalSection
EndGlobal
