
Microsoft Visual Studio Solution File, Format Version 12.00
# Visual Studio Version 17
VisualStudioVersion = 17.2.32602.215
MinimumVisualStudioVersion = 10.0.40219.1
Project("{2150E333-8FDC-42A3-9474-1A3956D46DE8}") = "Chapter 02. CSharp Language Basics", "Chapter 02. CSharp Language Basics", "{3ADD1CB8-D3ED-4A75-856C-E16E13E5D9B7}"
EndProject
Project("{2150E333-8FDC-42A3-9474-1A3956D46DE8}") = "01. A First CSharp Program", "01. A First CSharp Program", "{518F3A1A-729D-4004-B57B-B6C34D6B9EDC}"
EndProject
Project("{FAE04EC0-301F-11D3-BF4B-00C04F79EFBC}") = "01. Hello World", "01 Hello World\01. Hello World.csproj", "{FC0A9925-7BFF-41E1-9B4D-9F1ECDE1143D}"
EndProject
Project("{FAE04EC0-301F-11D3-BF4B-00C04F79EFBC}") = "02. A First CSharp Program", "02 A First CSharp Program\02. A First CSharp Program.csproj", "{805DD482-7F92-42AD-B570-15C98703B14A}"
EndProject
Project("{2150E333-8FDC-42A3-9474-1A3956D46DE8}") = "02. Syntax Basics", "02. Syntax Basics", "{A0EB4FE9-BCC5-4CAD-8AE7-BF856BCC4BEC}"
EndProject
Project("{FAE04EC0-301F-11D3-BF4B-00C04F79EFBC}") = "01. The @ prefix", "01. The @ prefix\01. The @ prefix.csproj", "{03464543-C9BA-4F9D-A319-7D2784A587E0}"
EndProject
Project("{FAE04EC0-301F-11D3-BF4B-00C04F79EFBC}") = "02. Contextual Keywords", "02. Contextual Keywords\02. Contextual Keywords.csproj", "{8EEFE3FB-0AAD-4D55-AEA5-DD3DC48DAEB4}"
EndProject
Project("{2150E333-8FDC-42A3-9474-1A3956D46DE8}") = "03. Type Basics", "03. Type Basics", "{17F802B5-0B7A-4583-84A5-00C7DBFFF1E5}"
EndProject
Project("{FAE04EC0-301F-11D3-BF4B-00C04F79EFBC}") = "01. Predefined Type Examples", "01. Predefined Type Examples\01. Predefined Type Examples.csproj", "{280DD7F4-9E5B-4E5C-AB62-0F045D66BCE3}"
EndProject
Project("{FAE04EC0-301F-11D3-BF4B-00C04F79EFBC}") = "02. Custom Type Examples", "02. Custom Type Examples\02. Custom Type Examples.csproj", "{DF8A40D6-167B-4149-9BEA-4B4514E8804B}"
EndProject
Project("{FAE04EC0-301F-11D3-BF4B-00C04F79EFBC}") = "03. Instance vs Static Members", "03. Instance vs Static Members\03. Instance vs Static Members.csproj", "{85BD36D3-731B-465C-BFF0-8A8B8D02976B}"
EndProject
Project("{FAE04EC0-301F-11D3-BF4B-00C04F79EFBC}") = "04. Defining a namespace", "04. Defining a namespace\04. Defining a namespace.csproj", "{04677974-F686-486E-915A-51D43A1EB6A7}"
EndProject
Project("{FAE04EC0-301F-11D3-BF4B-00C04F79EFBC}") = "05. Defining a Main method", "05. Defining a Main method\05. Defining a Main method.csproj", "{850DD6A5-39C9-400C-BFE6-453EA59CC46A}"
EndProject
Project("{FAE04EC0-301F-11D3-BF4B-00C04F79EFBC}") = "06. Conversions", "06. Conversions\06. Conversions.csproj", "{10A1EE88-611A-497D-B574-F0AF7F3AB0C9}"
EndProject
Project("{FAE04EC0-301F-11D3-BF4B-00C04F79EFBC}") = "07. Value Types", "07. Value Types\07. Value Types.csproj", "{FA4B53B5-AFFA-484F-80B9-00B9D7300752}"
EndProject
Project("{FAE04EC0-301F-11D3-BF4B-00C04F79EFBC}") = "08. Reference Types", "08. Reference Types\08. Reference Types.csproj", "{86EBBDFB-BBF6-45EF-8C49-C3FCDAAF9F0D}"
EndProject
Project("{FAE04EC0-301F-11D3-BF4B-00C04F79EFBC}") = "09. Null", "09. Null\09. Null.csproj", "{49ED8463-A421-425A-8AE5-1AB6A7D6E91E}"
EndProject
Project("{FAE04EC0-301F-11D3-BF4B-00C04F79EFBC}") = "10. Nulls with structs", "10. Nulls with structs\10. Nulls with structs.csproj", "{2CD4619E-993C-41F1-AEC4-E73706097BEE}"
EndProject
Project("{FAE04EC0-301F-11D3-BF4B-00C04F79EFBC}") = "11. Storage Overhead", "11. Storage Overhead\11. Storage Overhead.csproj", "{60AA716C-C27E-4076-9992-97EADE1E72FD}"
EndProject
Global
	GlobalSection(SolutionConfigurationPlatforms) = preSolution
		Debug|Any CPU = Debug|Any CPU
		Release|Any CPU = Release|Any CPU
	EndGlobalSection
	GlobalSection(ProjectConfigurationPlatforms) = postSolution
		{FC0A9925-7BFF-41E1-9B4D-9F1ECDE1143D}.Debug|Any CPU.ActiveCfg = Debug|Any CPU
		{FC0A9925-7BFF-41E1-9B4D-9F1ECDE1143D}.Debug|Any CPU.Build.0 = Debug|Any CPU
		{FC0A9925-7BFF-41E1-9B4D-9F1ECDE1143D}.Release|Any CPU.ActiveCfg = Release|Any CPU
		{FC0A9925-7BFF-41E1-9B4D-9F1ECDE1143D}.Release|Any CPU.Build.0 = Release|Any CPU
		{805DD482-7F92-42AD-B570-15C98703B14A}.Debug|Any CPU.ActiveCfg = Debug|Any CPU
		{805DD482-7F92-42AD-B570-15C98703B14A}.Debug|Any CPU.Build.0 = Debug|Any CPU
		{805DD482-7F92-42AD-B570-15C98703B14A}.Release|Any CPU.ActiveCfg = Release|Any CPU
		{805DD482-7F92-42AD-B570-15C98703B14A}.Release|Any CPU.Build.0 = Release|Any CPU
		{03464543-C9BA-4F9D-A319-7D2784A587E0}.Debug|Any CPU.ActiveCfg = Debug|Any CPU
		{03464543-C9BA-4F9D-A319-7D2784A587E0}.Debug|Any CPU.Build.0 = Debug|Any CPU
		{03464543-C9BA-4F9D-A319-7D2784A587E0}.Release|Any CPU.ActiveCfg = Release|Any CPU
		{03464543-C9BA-4F9D-A319-7D2784A587E0}.Release|Any CPU.Build.0 = Release|Any CPU
		{8EEFE3FB-0AAD-4D55-AEA5-DD3DC48DAEB4}.Debug|Any CPU.ActiveCfg = Debug|Any CPU
		{8EEFE3FB-0AAD-4D55-AEA5-DD3DC48DAEB4}.Debug|Any CPU.Build.0 = Debug|Any CPU
		{8EEFE3FB-0AAD-4D55-AEA5-DD3DC48DAEB4}.Release|Any CPU.ActiveCfg = Release|Any CPU
		{8EEFE3FB-0AAD-4D55-AEA5-DD3DC48DAEB4}.Release|Any CPU.Build.0 = Release|Any CPU
		{280DD7F4-9E5B-4E5C-AB62-0F045D66BCE3}.Debug|Any CPU.ActiveCfg = Debug|Any CPU
		{280DD7F4-9E5B-4E5C-AB62-0F045D66BCE3}.Debug|Any CPU.Build.0 = Debug|Any CPU
		{280DD7F4-9E5B-4E5C-AB62-0F045D66BCE3}.Release|Any CPU.ActiveCfg = Release|Any CPU
		{280DD7F4-9E5B-4E5C-AB62-0F045D66BCE3}.Release|Any CPU.Build.0 = Release|Any CPU
		{DF8A40D6-167B-4149-9BEA-4B4514E8804B}.Debug|Any CPU.ActiveCfg = Debug|Any CPU
		{DF8A40D6-167B-4149-9BEA-4B4514E8804B}.Debug|Any CPU.Build.0 = Debug|Any CPU
		{DF8A40D6-167B-4149-9BEA-4B4514E8804B}.Release|Any CPU.ActiveCfg = Release|Any CPU
		{DF8A40D6-167B-4149-9BEA-4B4514E8804B}.Release|Any CPU.Build.0 = Release|Any CPU
		{85BD36D3-731B-465C-BFF0-8A8B8D02976B}.Debug|Any CPU.ActiveCfg = Debug|Any CPU
		{85BD36D3-731B-465C-BFF0-8A8B8D02976B}.Debug|Any CPU.Build.0 = Debug|Any CPU
		{85BD36D3-731B-465C-BFF0-8A8B8D02976B}.Release|Any CPU.ActiveCfg = Release|Any CPU
		{85BD36D3-731B-465C-BFF0-8A8B8D02976B}.Release|Any CPU.Build.0 = Release|Any CPU
		{04677974-F686-486E-915A-51D43A1EB6A7}.Debug|Any CPU.ActiveCfg = Debug|Any CPU
		{04677974-F686-486E-915A-51D43A1EB6A7}.Debug|Any CPU.Build.0 = Debug|Any CPU
		{04677974-F686-486E-915A-51D43A1EB6A7}.Release|Any CPU.ActiveCfg = Release|Any CPU
		{04677974-F686-486E-915A-51D43A1EB6A7}.Release|Any CPU.Build.0 = Release|Any CPU
		{850DD6A5-39C9-400C-BFE6-453EA59CC46A}.Debug|Any CPU.ActiveCfg = Debug|Any CPU
		{850DD6A5-39C9-400C-BFE6-453EA59CC46A}.Debug|Any CPU.Build.0 = Debug|Any CPU
		{850DD6A5-39C9-400C-BFE6-453EA59CC46A}.Release|Any CPU.ActiveCfg = Release|Any CPU
		{850DD6A5-39C9-400C-BFE6-453EA59CC46A}.Release|Any CPU.Build.0 = Release|Any CPU
		{10A1EE88-611A-497D-B574-F0AF7F3AB0C9}.Debug|Any CPU.ActiveCfg = Debug|Any CPU
		{10A1EE88-611A-497D-B574-F0AF7F3AB0C9}.Debug|Any CPU.Build.0 = Debug|Any CPU
		{10A1EE88-611A-497D-B574-F0AF7F3AB0C9}.Release|Any CPU.ActiveCfg = Release|Any CPU
		{10A1EE88-611A-497D-B574-F0AF7F3AB0C9}.Release|Any CPU.Build.0 = Release|Any CPU
		{FA4B53B5-AFFA-484F-80B9-00B9D7300752}.Debug|Any CPU.ActiveCfg = Debug|Any CPU
		{FA4B53B5-AFFA-484F-80B9-00B9D7300752}.Debug|Any CPU.Build.0 = Debug|Any CPU
		{FA4B53B5-AFFA-484F-80B9-00B9D7300752}.Release|Any CPU.ActiveCfg = Release|Any CPU
		{FA4B53B5-AFFA-484F-80B9-00B9D7300752}.Release|Any CPU.Build.0 = Release|Any CPU
		{86EBBDFB-BBF6-45EF-8C49-C3FCDAAF9F0D}.Debug|Any CPU.ActiveCfg = Debug|Any CPU
		{86EBBDFB-BBF6-45EF-8C49-C3FCDAAF9F0D}.Debug|Any CPU.Build.0 = Debug|Any CPU
		{86EBBDFB-BBF6-45EF-8C49-C3FCDAAF9F0D}.Release|Any CPU.ActiveCfg = Release|Any CPU
		{86EBBDFB-BBF6-45EF-8C49-C3FCDAAF9F0D}.Release|Any CPU.Build.0 = Release|Any CPU
		{49ED8463-A421-425A-8AE5-1AB6A7D6E91E}.Debug|Any CPU.ActiveCfg = Debug|Any CPU
		{49ED8463-A421-425A-8AE5-1AB6A7D6E91E}.Debug|Any CPU.Build.0 = Debug|Any CPU
		{49ED8463-A421-425A-8AE5-1AB6A7D6E91E}.Release|Any CPU.ActiveCfg = Release|Any CPU
		{49ED8463-A421-425A-8AE5-1AB6A7D6E91E}.Release|Any CPU.Build.0 = Release|Any CPU
		{2CD4619E-993C-41F1-AEC4-E73706097BEE}.Debug|Any CPU.ActiveCfg = Debug|Any CPU
		{2CD4619E-993C-41F1-AEC4-E73706097BEE}.Debug|Any CPU.Build.0 = Debug|Any CPU
		{2CD4619E-993C-41F1-AEC4-E73706097BEE}.Release|Any CPU.ActiveCfg = Release|Any CPU
		{2CD4619E-993C-41F1-AEC4-E73706097BEE}.Release|Any CPU.Build.0 = Release|Any CPU
		{60AA716C-C27E-4076-9992-97EADE1E72FD}.Debug|Any CPU.ActiveCfg = Debug|Any CPU
		{60AA716C-C27E-4076-9992-97EADE1E72FD}.Debug|Any CPU.Build.0 = Debug|Any CPU
		{60AA716C-C27E-4076-9992-97EADE1E72FD}.Release|Any CPU.ActiveCfg = Release|Any CPU
		{60AA716C-C27E-4076-9992-97EADE1E72FD}.Release|Any CPU.Build.0 = Release|Any CPU
	EndGlobalSection
	GlobalSection(SolutionProperties) = preSolution
		HideSolutionNode = FALSE
	EndGlobalSection
	GlobalSection(NestedProjects) = preSolution
		{518F3A1A-729D-4004-B57B-B6C34D6B9EDC} = {3ADD1CB8-D3ED-4A75-856C-E16E13E5D9B7}
		{FC0A9925-7BFF-41E1-9B4D-9F1ECDE1143D} = {518F3A1A-729D-4004-B57B-B6C34D6B9EDC}
		{805DD482-7F92-42AD-B570-15C98703B14A} = {518F3A1A-729D-4004-B57B-B6C34D6B9EDC}
		{A0EB4FE9-BCC5-4CAD-8AE7-BF856BCC4BEC} = {3ADD1CB8-D3ED-4A75-856C-E16E13E5D9B7}
		{03464543-C9BA-4F9D-A319-7D2784A587E0} = {A0EB4FE9-BCC5-4CAD-8AE7-BF856BCC4BEC}
		{8EEFE3FB-0AAD-4D55-AEA5-DD3DC48DAEB4} = {A0EB4FE9-BCC5-4CAD-8AE7-BF856BCC4BEC}
		{17F802B5-0B7A-4583-84A5-00C7DBFFF1E5} = {3ADD1CB8-D3ED-4A75-856C-E16E13E5D9B7}
		{280DD7F4-9E5B-4E5C-AB62-0F045D66BCE3} = {17F802B5-0B7A-4583-84A5-00C7DBFFF1E5}
		{DF8A40D6-167B-4149-9BEA-4B4514E8804B} = {17F802B5-0B7A-4583-84A5-00C7DBFFF1E5}
		{85BD36D3-731B-465C-BFF0-8A8B8D02976B} = {17F802B5-0B7A-4583-84A5-00C7DBFFF1E5}
		{04677974-F686-486E-915A-51D43A1EB6A7} = {17F802B5-0B7A-4583-84A5-00C7DBFFF1E5}
		{850DD6A5-39C9-400C-BFE6-453EA59CC46A} = {17F802B5-0B7A-4583-84A5-00C7DBFFF1E5}
		{10A1EE88-611A-497D-B574-F0AF7F3AB0C9} = {17F802B5-0B7A-4583-84A5-00C7DBFFF1E5}
		{FA4B53B5-AFFA-484F-80B9-00B9D7300752} = {17F802B5-0B7A-4583-84A5-00C7DBFFF1E5}
		{86EBBDFB-BBF6-45EF-8C49-C3FCDAAF9F0D} = {17F802B5-0B7A-4583-84A5-00C7DBFFF1E5}
		{49ED8463-A421-425A-8AE5-1AB6A7D6E91E} = {17F802B5-0B7A-4583-84A5-00C7DBFFF1E5}
		{2CD4619E-993C-41F1-AEC4-E73706097BEE} = {17F802B5-0B7A-4583-84A5-00C7DBFFF1E5}
		{60AA716C-C27E-4076-9992-97EADE1E72FD} = {17F802B5-0B7A-4583-84A5-00C7DBFFF1E5}
	EndGlobalSection
	GlobalSection(ExtensibilityGlobals) = postSolution
		SolutionGuid = {8D5BA80C-E6AC-4096-B713-398A5ACF365E}
	EndGlobalSection
EndGlobal
